{
    "requires": true,
    "lockfileVersion": 1,
    "dependencies": {
        "adminbsb-materialdesign": {
            "version": "1.0.7",
            "resolved": "https://registry.npmjs.org/adminbsb-materialdesign/-/adminbsb-materialdesign-1.0.7.tgz",
            "integrity": "sha512-8G1wc4UWjUd7JhW3bxQd7DmtEMxmNXkPd81PsDJ99Ieyhnyteu73Fw7kSUrz20V2QJa4Rd0OL9FJHcZytrt8bw=="
        }
    }
}
